
Microsoft Visual Studio Solution File, Format Version 12.00
# Visual Studio Version 17
VisualStudioVersion = 17.0.31903.59
MinimumVisualStudioVersion = 10.0.40219.1
Project("{2150E333-8FDC-42A3-9474-1A3956D46DE8}") = "services", "services", "{2F0A6B7C-BF09-43A9-B1AF-449142123FD3}"
EndProject
Project("{2150E333-8FDC-42A3-9474-1A3956D46DE8}") = "AuthService", "AuthService", "{205450E5-293D-474A-944B-64982DE36148}"
EndProject
Project("{2150E333-8FDC-42A3-9474-1A3956D46DE8}") = "src", "src", "{3334A6C3-9450-46C0-BD2B-DD2222976E63}"
EndProject
Project("{FAE04EC0-301F-11D3-BF4B-00C04F79EFBC}") = "AuthService.API", "services\AuthService\src\AuthService.API\AuthService.API.csproj", "{9831B3FF-E609-454C-8B83-B115CD0D3E6E}"
EndProject
Project("{FAE04EC0-301F-11D3-BF4B-00C04F79EFBC}") = "AuthService.Application", "services\AuthService\src\AuthService.Application\AuthService.Application.csproj", "{19257579-E0C4-4CC5-AC03-C6C14AB11E90}"
EndProject
Project("{FAE04EC0-301F-11D3-BF4B-00C04F79EFBC}") = "AuthService.Domain", "services\AuthService\src\AuthService.Domain\AuthService.Domain.csproj", "{3E0E68EA-9C29-453C-BDB4-C252A9318297}"
EndProject
Project("{FAE04EC0-301F-11D3-BF4B-00C04F79EFBC}") = "AuthService.Infrastructure", "services\AuthService\src\AuthService.Infrastructure\AuthService.Infrastructure.csproj", "{686C349C-2ADC-45E3-96E7-EC9934D47A1F}"
EndProject
Project("{2150E333-8FDC-42A3-9474-1A3956D46DE8}") = "tests", "tests", "{B096C957-1176-4A3E-BC2E-388990B66225}"
EndProject
Project("{FAE04EC0-301F-11D3-BF4B-00C04F79EFBC}") = "AuthService.UnitTests", "services\AuthService\tests\AuthService.UnitTests\AuthService.UnitTests.csproj", "{68B3D733-4350-46D6-B5DD-9775FE5487CF}"
EndProject
Project("{2150E333-8FDC-42A3-9474-1A3956D46DE8}") = "UserService", "UserService", "{672EA29A-8D67-4E4D-B100-6DADDA0C5597}"
EndProject
Project("{2150E333-8FDC-42A3-9474-1A3956D46DE8}") = "src", "src", "{6890E1B3-EBC3-4A4B-9F57-77CE328D93D9}"
EndProject
Project("{FAE04EC0-301F-11D3-BF4B-00C04F79EFBC}") = "UserService.API", "services\UserService\src\UserService.API\UserService.API.csproj", "{85A6A1D5-104D-4CA4-B783-F6470EF94977}"
EndProject
Project("{FAE04EC0-301F-11D3-BF4B-00C04F79EFBC}") = "UserService.Application", "services\UserService\src\UserService.Application\UserService.Application.csproj", "{9B3470A5-92E5-4D30-88D1-209090D79AA3}"
EndProject
Project("{FAE04EC0-301F-11D3-BF4B-00C04F79EFBC}") = "UserService.Domain", "services\UserService\src\UserService.Domain\UserService.Domain.csproj", "{1D237D19-969D-44FC-8F55-3031B08C5D32}"
EndProject
Project("{FAE04EC0-301F-11D3-BF4B-00C04F79EFBC}") = "UserService.Infrastructure", "services\UserService\src\UserService.Infrastructure\UserService.Infrastructure.csproj", "{303D4B2E-9DC4-41F0-B61A-FC22A1B640F2}"
EndProject
Project("{2150E333-8FDC-42A3-9474-1A3956D46DE8}") = "tests", "tests", "{689510DD-66D3-4662-8E96-5BFF0EE86051}"
EndProject
Project("{FAE04EC0-301F-11D3-BF4B-00C04F79EFBC}") = "UserService.UnitTests", "services\UserService\tests\UserService.UnitTests\UserService.UnitTests.csproj", "{28EFB27F-340D-487B-95B6-DD462B4B41ED}"
EndProject
Project("{2150E333-8FDC-42A3-9474-1A3956D46DE8}") = "CourseService", "CourseService", "{16BE81DE-573F-49FC-8E41-CA7AD5B7BB79}"
EndProject
Project("{2150E333-8FDC-42A3-9474-1A3956D46DE8}") = "src", "src", "{59823357-F0A9-4B86-AAF0-1E51246987AF}"
EndProject
Project("{FAE04EC0-301F-11D3-BF4B-00C04F79EFBC}") = "CourseService.API", "services\CourseService\src\CourseService.API\CourseService.API.csproj", "{7372604F-8AA8-4234-AEC9-843F98FF9218}"
EndProject
Project("{FAE04EC0-301F-11D3-BF4B-00C04F79EFBC}") = "CourseService.Application", "services\CourseService\src\CourseService.Application\CourseService.Application.csproj", "{C9F9FA80-8F07-417E-86EF-0C916EDE572D}"
EndProject
Project("{FAE04EC0-301F-11D3-BF4B-00C04F79EFBC}") = "CourseService.Domain", "services\CourseService\src\CourseService.Domain\CourseService.Domain.csproj", "{157C86F6-E0B3-4038-B1D3-0CEB04C59EC0}"
EndProject
Project("{FAE04EC0-301F-11D3-BF4B-00C04F79EFBC}") = "CourseService.Infrastructure", "services\CourseService\src\CourseService.Infrastructure\CourseService.Infrastructure.csproj", "{F2E9A84B-8A6A-4F1B-AC69-7186E1E33D6B}"
EndProject
Project("{2150E333-8FDC-42A3-9474-1A3956D46DE8}") = "tests", "tests", "{593B71C6-4394-4131-A135-72655AB7D9EF}"
EndProject
Project("{FAE04EC0-301F-11D3-BF4B-00C04F79EFBC}") = "CourseService.UnitTests", "services\CourseService\tests\CourseService.UnitTests\CourseService.UnitTests.csproj", "{81FCD7D0-C801-4DD9-BE2A-46F7AC03F0DD}"
EndProject
Project("{2150E333-8FDC-42A3-9474-1A3956D46DE8}") = "StudentService", "StudentService", "{CD36713B-DD3F-48DB-99B5-AA8AB9FA4E98}"
EndProject
Project("{2150E333-8FDC-42A3-9474-1A3956D46DE8}") = "src", "src", "{CE2F3F18-1EBB-4230-A571-CA2E332C6395}"
EndProject
Project("{FAE04EC0-301F-11D3-BF4B-00C04F79EFBC}") = "StudentService.Domain", "services\StudentService\src\StudentService.Domain\StudentService.Domain.csproj", "{FD83DCE1-70EC-46AE-B2AF-9B1711DCCE32}"
EndProject
Project("{FAE04EC0-301F-11D3-BF4B-00C04F79EFBC}") = "StudentService.Application", "services\StudentService\src\StudentService.Application\StudentService.Application.csproj", "{56937541-C7D8-4C66-9446-3C4C3B273A4A}"
EndProject
Project("{FAE04EC0-301F-11D3-BF4B-00C04F79EFBC}") = "StudentService.Infrastructure", "services\StudentService\src\StudentService.Infrastructure\StudentService.Infrastructure.csproj", "{707CC23D-8A0D-4229-8FFE-FF11BB051DE2}"
EndProject
Project("{FAE04EC0-301F-11D3-BF4B-00C04F79EFBC}") = "StudentService.API", "services\StudentService\src\StudentService.API\StudentService.API.csproj", "{DB1E3B9F-7E14-4DBB-8E30-742526AA48A9}"
EndProject
Project("{2150E333-8FDC-42A3-9474-1A3956D46DE8}") = "tests", "tests", "{748F7CAB-629C-4FB7-98EF-8E155F3DE979}"
EndProject
Project("{FAE04EC0-301F-11D3-BF4B-00C04F79EFBC}") = "StudentService.UnitTests", "services\StudentService\tests\StudentService.UnitTests\StudentService.UnitTests.csproj", "{363CF232-D0ED-4E72-8A47-F9C99F8A0D73}"
EndProject
Project("{2150E333-8FDC-42A3-9474-1A3956D46DE8}") = "EnrollmentService", "EnrollmentService", "{69AF3BA1-04B1-4DAE-B2DB-A01DFB234C53}"
EndProject
Project("{2150E333-8FDC-42A3-9474-1A3956D46DE8}") = "src", "src", "{9A64E985-7C44-48E5-B456-11FB385F41D1}"
EndProject
Project("{FAE04EC0-301F-11D3-BF4B-00C04F79EFBC}") = "EnrollmentService.Domain", "services\EnrollmentService\src\EnrollmentService.Domain\EnrollmentService.Domain.csproj", "{F23EECC4-773B-43C6-991B-71290D7FA97F}"
EndProject
Project("{FAE04EC0-301F-11D3-BF4B-00C04F79EFBC}") = "EnrollmentService.Infrastructure", "services\EnrollmentService\src\EnrollmentService.Infrastructure\EnrollmentService.Infrastructure.csproj", "{EE9E1E76-F162-42BE-8E91-9248C17DEAE0}"
EndProject
Project("{FAE04EC0-301F-11D3-BF4B-00C04F79EFBC}") = "EnrollmentService.Application", "services\EnrollmentService\src\EnrollmentService.Application\EnrollmentService.Application.csproj", "{5642D7B8-F9B0-4157-A9DF-F5FB8732760F}"
EndProject
Project("{FAE04EC0-301F-11D3-BF4B-00C04F79EFBC}") = "EnrollmentService.API", "services\EnrollmentService\src\EnrollmentService.API\EnrollmentService.API.csproj", "{51B232A0-36B0-4DC7-B3AA-F652DDF33432}"
EndProject
Project("{2150E333-8FDC-42A3-9474-1A3956D46DE8}") = "tests", "tests", "{281B601E-2C2E-4EB4-AB7D-44A62B7BDFFE}"
EndProject
Project("{FAE04EC0-301F-11D3-BF4B-00C04F79EFBC}") = "EnrollmentService.UnitTests", "services\EnrollmentService\tests\EnrollmentService.UnitTests\EnrollmentService.UnitTests.csproj", "{285CF560-E584-40AF-A4D1-8A0EA9ED43BA}"
EndProject
Project("{2150E333-8FDC-42A3-9474-1A3956D46DE8}") = "GradeService", "GradeService", "{D2A8CC42-BF8C-4A89-AE5D-465EE7303FC8}"
EndProject
Project("{2150E333-8FDC-42A3-9474-1A3956D46DE8}") = "src", "src", "{80AD7A30-87A3-4AF1-988F-7C5A39C1F022}"
EndProject
Project("{FAE04EC0-301F-11D3-BF4B-00C04F79EFBC}") = "GradeService.Infrastructure", "services\GradeService\src\GradeService.Infrastructure\GradeService.Infrastructure.csproj", "{23203598-75CC-46CE-9D57-90AC5DF2394E}"
EndProject
Project("{FAE04EC0-301F-11D3-BF4B-00C04F79EFBC}") = "GradeService.Application", "services\GradeService\src\GradeService.Application\GradeService.Application.csproj", "{D3B6EABE-3EC7-4D73-A9EB-59F71CD9D69E}"
EndProject
Project("{FAE04EC0-301F-11D3-BF4B-00C04F79EFBC}") = "GradeService.Domain", "services\GradeService\src\GradeService.Domain\GradeService.Domain.csproj", "{03F15E15-5ABF-4A15-B784-6970B8AB1BA8}"
EndProject
Project("{FAE04EC0-301F-11D3-BF4B-00C04F79EFBC}") = "GradeService.API", "services\GradeService\src\GradeService.API\GradeService.API.csproj", "{35351C25-9D34-41C1-B9A8-7B41CFC2198A}"
EndProject
Project("{2150E333-8FDC-42A3-9474-1A3956D46DE8}") = "tests", "tests", "{9300017A-7949-48B9-B5BE-995BCF47C74B}"
EndProject
Project("{FAE04EC0-301F-11D3-BF4B-00C04F79EFBC}") = "GradeService.UnitTests", "services\GradeService\tests\GradeService.UnitTests\GradeService.UnitTests.csproj", "{5C365D93-3F1A-4812-9173-B753D112520D}"
EndProject
Global
	GlobalSection(SolutionConfigurationPlatforms) = preSolution
		Debug|Any CPU = Debug|Any CPU
		Release|Any CPU = Release|Any CPU
	EndGlobalSection
	GlobalSection(SolutionProperties) = preSolution
		HideSolutionNode = FALSE
	EndGlobalSection
	GlobalSection(ProjectConfigurationPlatforms) = postSolution
		{9831B3FF-E609-454C-8B83-B115CD0D3E6E}.Debug|Any CPU.ActiveCfg = Debug|Any CPU
		{9831B3FF-E609-454C-8B83-B115CD0D3E6E}.Debug|Any CPU.Build.0 = Debug|Any CPU
		{9831B3FF-E609-454C-8B83-B115CD0D3E6E}.Release|Any CPU.ActiveCfg = Release|Any CPU
		{9831B3FF-E609-454C-8B83-B115CD0D3E6E}.Release|Any CPU.Build.0 = Release|Any CPU
		{19257579-E0C4-4CC5-AC03-C6C14AB11E90}.Debug|Any CPU.ActiveCfg = Debug|Any CPU
		{19257579-E0C4-4CC5-AC03-C6C14AB11E90}.Debug|Any CPU.Build.0 = Debug|Any CPU
		{19257579-E0C4-4CC5-AC03-C6C14AB11E90}.Release|Any CPU.ActiveCfg = Release|Any CPU
		{19257579-E0C4-4CC5-AC03-C6C14AB11E90}.Release|Any CPU.Build.0 = Release|Any CPU
		{3E0E68EA-9C29-453C-BDB4-C252A9318297}.Debug|Any CPU.ActiveCfg = Debug|Any CPU
		{3E0E68EA-9C29-453C-BDB4-C252A9318297}.Debug|Any CPU.Build.0 = Debug|Any CPU
		{3E0E68EA-9C29-453C-BDB4-C252A9318297}.Release|Any CPU.ActiveCfg = Release|Any CPU
		{3E0E68EA-9C29-453C-BDB4-C252A9318297}.Release|Any CPU.Build.0 = Release|Any CPU
		{686C349C-2ADC-45E3-96E7-EC9934D47A1F}.Debug|Any CPU.ActiveCfg = Debug|Any CPU
		{686C349C-2ADC-45E3-96E7-EC9934D47A1F}.Debug|Any CPU.Build.0 = Debug|Any CPU
		{686C349C-2ADC-45E3-96E7-EC9934D47A1F}.Release|Any CPU.ActiveCfg = Release|Any CPU
		{686C349C-2ADC-45E3-96E7-EC9934D47A1F}.Release|Any CPU.Build.0 = Release|Any CPU
		{68B3D733-4350-46D6-B5DD-9775FE5487CF}.Debug|Any CPU.ActiveCfg = Debug|Any CPU
		{68B3D733-4350-46D6-B5DD-9775FE5487CF}.Debug|Any CPU.Build.0 = Debug|Any CPU
		{68B3D733-4350-46D6-B5DD-9775FE5487CF}.Release|Any CPU.ActiveCfg = Release|Any CPU
		{68B3D733-4350-46D6-B5DD-9775FE5487CF}.Release|Any CPU.Build.0 = Release|Any CPU
		{85A6A1D5-104D-4CA4-B783-F6470EF94977}.Debug|Any CPU.ActiveCfg = Debug|Any CPU
		{85A6A1D5-104D-4CA4-B783-F6470EF94977}.Debug|Any CPU.Build.0 = Debug|Any CPU
		{85A6A1D5-104D-4CA4-B783-F6470EF94977}.Release|Any CPU.ActiveCfg = Release|Any CPU
		{85A6A1D5-104D-4CA4-B783-F6470EF94977}.Release|Any CPU.Build.0 = Release|Any CPU
		{9B3470A5-92E5-4D30-88D1-209090D79AA3}.Debug|Any CPU.ActiveCfg = Debug|Any CPU
		{9B3470A5-92E5-4D30-88D1-209090D79AA3}.Debug|Any CPU.Build.0 = Debug|Any CPU
		{9B3470A5-92E5-4D30-88D1-209090D79AA3}.Release|Any CPU.ActiveCfg = Release|Any CPU
		{9B3470A5-92E5-4D30-88D1-209090D79AA3}.Release|Any CPU.Build.0 = Release|Any CPU
		{1D237D19-969D-44FC-8F55-3031B08C5D32}.Debug|Any CPU.ActiveCfg = Debug|Any CPU
		{1D237D19-969D-44FC-8F55-3031B08C5D32}.Debug|Any CPU.Build.0 = Debug|Any CPU
		{1D237D19-969D-44FC-8F55-3031B08C5D32}.Release|Any CPU.ActiveCfg = Release|Any CPU
		{1D237D19-969D-44FC-8F55-3031B08C5D32}.Release|Any CPU.Build.0 = Release|Any CPU
		{303D4B2E-9DC4-41F0-B61A-FC22A1B640F2}.Debug|Any CPU.ActiveCfg = Debug|Any CPU
		{303D4B2E-9DC4-41F0-B61A-FC22A1B640F2}.Debug|Any CPU.Build.0 = Debug|Any CPU
		{303D4B2E-9DC4-41F0-B61A-FC22A1B640F2}.Release|Any CPU.ActiveCfg = Release|Any CPU
		{303D4B2E-9DC4-41F0-B61A-FC22A1B640F2}.Release|Any CPU.Build.0 = Release|Any CPU
		{28EFB27F-340D-487B-95B6-DD462B4B41ED}.Debug|Any CPU.ActiveCfg = Debug|Any CPU
		{28EFB27F-340D-487B-95B6-DD462B4B41ED}.Debug|Any CPU.Build.0 = Debug|Any CPU
		{28EFB27F-340D-487B-95B6-DD462B4B41ED}.Release|Any CPU.ActiveCfg = Release|Any CPU
		{28EFB27F-340D-487B-95B6-DD462B4B41ED}.Release|Any CPU.Build.0 = Release|Any CPU
		{7372604F-8AA8-4234-AEC9-843F98FF9218}.Debug|Any CPU.ActiveCfg = Debug|Any CPU
		{7372604F-8AA8-4234-AEC9-843F98FF9218}.Debug|Any CPU.Build.0 = Debug|Any CPU
		{7372604F-8AA8-4234-AEC9-843F98FF9218}.Release|Any CPU.ActiveCfg = Release|Any CPU
		{7372604F-8AA8-4234-AEC9-843F98FF9218}.Release|Any CPU.Build.0 = Release|Any CPU
		{C9F9FA80-8F07-417E-86EF-0C916EDE572D}.Debug|Any CPU.ActiveCfg = Debug|Any CPU
		{C9F9FA80-8F07-417E-86EF-0C916EDE572D}.Debug|Any CPU.Build.0 = Debug|Any CPU
		{C9F9FA80-8F07-417E-86EF-0C916EDE572D}.Release|Any CPU.ActiveCfg = Release|Any CPU
		{C9F9FA80-8F07-417E-86EF-0C916EDE572D}.Release|Any CPU.Build.0 = Release|Any CPU
		{157C86F6-E0B3-4038-B1D3-0CEB04C59EC0}.Debug|Any CPU.ActiveCfg = Debug|Any CPU
		{157C86F6-E0B3-4038-B1D3-0CEB04C59EC0}.Debug|Any CPU.Build.0 = Debug|Any CPU
		{157C86F6-E0B3-4038-B1D3-0CEB04C59EC0}.Release|Any CPU.ActiveCfg = Release|Any CPU
		{157C86F6-E0B3-4038-B1D3-0CEB04C59EC0}.Release|Any CPU.Build.0 = Release|Any CPU
		{F2E9A84B-8A6A-4F1B-AC69-7186E1E33D6B}.Debug|Any CPU.ActiveCfg = Debug|Any CPU
		{F2E9A84B-8A6A-4F1B-AC69-7186E1E33D6B}.Debug|Any CPU.Build.0 = Debug|Any CPU
		{F2E9A84B-8A6A-4F1B-AC69-7186E1E33D6B}.Release|Any CPU.ActiveCfg = Release|Any CPU
		{F2E9A84B-8A6A-4F1B-AC69-7186E1E33D6B}.Release|Any CPU.Build.0 = Release|Any CPU
		{81FCD7D0-C801-4DD9-BE2A-46F7AC03F0DD}.Debug|Any CPU.ActiveCfg = Debug|Any CPU
		{81FCD7D0-C801-4DD9-BE2A-46F7AC03F0DD}.Debug|Any CPU.Build.0 = Debug|Any CPU
		{81FCD7D0-C801-4DD9-BE2A-46F7AC03F0DD}.Release|Any CPU.ActiveCfg = Release|Any CPU
		{81FCD7D0-C801-4DD9-BE2A-46F7AC03F0DD}.Release|Any CPU.Build.0 = Release|Any CPU
		{FD83DCE1-70EC-46AE-B2AF-9B1711DCCE32}.Debug|Any CPU.ActiveCfg = Debug|Any CPU
		{FD83DCE1-70EC-46AE-B2AF-9B1711DCCE32}.Debug|Any CPU.Build.0 = Debug|Any CPU
		{FD83DCE1-70EC-46AE-B2AF-9B1711DCCE32}.Release|Any CPU.ActiveCfg = Release|Any CPU
		{FD83DCE1-70EC-46AE-B2AF-9B1711DCCE32}.Release|Any CPU.Build.0 = Release|Any CPU
		{56937541-C7D8-4C66-9446-3C4C3B273A4A}.Debug|Any CPU.ActiveCfg = Debug|Any CPU
		{56937541-C7D8-4C66-9446-3C4C3B273A4A}.Debug|Any CPU.Build.0 = Debug|Any CPU
		{56937541-C7D8-4C66-9446-3C4C3B273A4A}.Release|Any CPU.ActiveCfg = Release|Any CPU
		{56937541-C7D8-4C66-9446-3C4C3B273A4A}.Release|Any CPU.Build.0 = Release|Any CPU
		{707CC23D-8A0D-4229-8FFE-FF11BB051DE2}.Debug|Any CPU.ActiveCfg = Debug|Any CPU
		{707CC23D-8A0D-4229-8FFE-FF11BB051DE2}.Debug|Any CPU.Build.0 = Debug|Any CPU
		{707CC23D-8A0D-4229-8FFE-FF11BB051DE2}.Release|Any CPU.ActiveCfg = Release|Any CPU
		{707CC23D-8A0D-4229-8FFE-FF11BB051DE2}.Release|Any CPU.Build.0 = Release|Any CPU
		{DB1E3B9F-7E14-4DBB-8E30-742526AA48A9}.Debug|Any CPU.ActiveCfg = Debug|Any CPU
		{DB1E3B9F-7E14-4DBB-8E30-742526AA48A9}.Debug|Any CPU.Build.0 = Debug|Any CPU
		{DB1E3B9F-7E14-4DBB-8E30-742526AA48A9}.Release|Any CPU.ActiveCfg = Release|Any CPU
		{DB1E3B9F-7E14-4DBB-8E30-742526AA48A9}.Release|Any CPU.Build.0 = Release|Any CPU
		{363CF232-D0ED-4E72-8A47-F9C99F8A0D73}.Debug|Any CPU.ActiveCfg = Debug|Any CPU
		{363CF232-D0ED-4E72-8A47-F9C99F8A0D73}.Debug|Any CPU.Build.0 = Debug|Any CPU
		{363CF232-D0ED-4E72-8A47-F9C99F8A0D73}.Release|Any CPU.ActiveCfg = Release|Any CPU
		{363CF232-D0ED-4E72-8A47-F9C99F8A0D73}.Release|Any CPU.Build.0 = Release|Any CPU
		{F23EECC4-773B-43C6-991B-71290D7FA97F}.Debug|Any CPU.ActiveCfg = Debug|Any CPU
		{F23EECC4-773B-43C6-991B-71290D7FA97F}.Debug|Any CPU.Build.0 = Debug|Any CPU
		{F23EECC4-773B-43C6-991B-71290D7FA97F}.Release|Any CPU.ActiveCfg = Release|Any CPU
		{F23EECC4-773B-43C6-991B-71290D7FA97F}.Release|Any CPU.Build.0 = Release|Any CPU
		{EE9E1E76-F162-42BE-8E91-9248C17DEAE0}.Debug|Any CPU.ActiveCfg = Debug|Any CPU
		{EE9E1E76-F162-42BE-8E91-9248C17DEAE0}.Debug|Any CPU.Build.0 = Debug|Any CPU
		{EE9E1E76-F162-42BE-8E91-9248C17DEAE0}.Release|Any CPU.ActiveCfg = Release|Any CPU
		{EE9E1E76-F162-42BE-8E91-9248C17DEAE0}.Release|Any CPU.Build.0 = Release|Any CPU
		{5642D7B8-F9B0-4157-A9DF-F5FB8732760F}.Debug|Any CPU.ActiveCfg = Debug|Any CPU
		{5642D7B8-F9B0-4157-A9DF-F5FB8732760F}.Debug|Any CPU.Build.0 = Debug|Any CPU
		{5642D7B8-F9B0-4157-A9DF-F5FB8732760F}.Release|Any CPU.ActiveCfg = Release|Any CPU
		{5642D7B8-F9B0-4157-A9DF-F5FB8732760F}.Release|Any CPU.Build.0 = Release|Any CPU
		{51B232A0-36B0-4DC7-B3AA-F652DDF33432}.Debug|Any CPU.ActiveCfg = Debug|Any CPU
		{51B232A0-36B0-4DC7-B3AA-F652DDF33432}.Debug|Any CPU.Build.0 = Debug|Any CPU
		{51B232A0-36B0-4DC7-B3AA-F652DDF33432}.Release|Any CPU.ActiveCfg = Release|Any CPU
		{51B232A0-36B0-4DC7-B3AA-F652DDF33432}.Release|Any CPU.Build.0 = Release|Any CPU
		{285CF560-E584-40AF-A4D1-8A0EA9ED43BA}.Debug|Any CPU.ActiveCfg = Debug|Any CPU
		{285CF560-E584-40AF-A4D1-8A0EA9ED43BA}.Debug|Any CPU.Build.0 = Debug|Any CPU
		{285CF560-E584-40AF-A4D1-8A0EA9ED43BA}.Release|Any CPU.ActiveCfg = Release|Any CPU
		{285CF560-E584-40AF-A4D1-8A0EA9ED43BA}.Release|Any CPU.Build.0 = Release|Any CPU
		{23203598-75CC-46CE-9D57-90AC5DF2394E}.Debug|Any CPU.ActiveCfg = Debug|Any CPU
		{23203598-75CC-46CE-9D57-90AC5DF2394E}.Debug|Any CPU.Build.0 = Debug|Any CPU
		{23203598-75CC-46CE-9D57-90AC5DF2394E}.Release|Any CPU.ActiveCfg = Release|Any CPU
		{23203598-75CC-46CE-9D57-90AC5DF2394E}.Release|Any CPU.Build.0 = Release|Any CPU
		{D3B6EABE-3EC7-4D73-A9EB-59F71CD9D69E}.Debug|Any CPU.ActiveCfg = Debug|Any CPU
		{D3B6EABE-3EC7-4D73-A9EB-59F71CD9D69E}.Debug|Any CPU.Build.0 = Debug|Any CPU
		{D3B6EABE-3EC7-4D73-A9EB-59F71CD9D69E}.Release|Any CPU.ActiveCfg = Release|Any CPU
		{D3B6EABE-3EC7-4D73-A9EB-59F71CD9D69E}.Release|Any CPU.Build.0 = Release|Any CPU
		{03F15E15-5ABF-4A15-B784-6970B8AB1BA8}.Debug|Any CPU.ActiveCfg = Debug|Any CPU
		{03F15E15-5ABF-4A15-B784-6970B8AB1BA8}.Debug|Any CPU.Build.0 = Debug|Any CPU
		{03F15E15-5ABF-4A15-B784-6970B8AB1BA8}.Release|Any CPU.ActiveCfg = Release|Any CPU
		{03F15E15-5ABF-4A15-B784-6970B8AB1BA8}.Release|Any CPU.Build.0 = Release|Any CPU
		{35351C25-9D34-41C1-B9A8-7B41CFC2198A}.Debug|Any CPU.ActiveCfg = Debug|Any CPU
		{35351C25-9D34-41C1-B9A8-7B41CFC2198A}.Debug|Any CPU.Build.0 = Debug|Any CPU
		{35351C25-9D34-41C1-B9A8-7B41CFC2198A}.Release|Any CPU.ActiveCfg = Release|Any CPU
		{35351C25-9D34-41C1-B9A8-7B41CFC2198A}.Release|Any CPU.Build.0 = Release|Any CPU
		{5C365D93-3F1A-4812-9173-B753D112520D}.Debug|Any CPU.ActiveCfg = Debug|Any CPU
		{5C365D93-3F1A-4812-9173-B753D112520D}.Debug|Any CPU.Build.0 = Debug|Any CPU
		{5C365D93-3F1A-4812-9173-B753D112520D}.Release|Any CPU.ActiveCfg = Release|Any CPU
		{5C365D93-3F1A-4812-9173-B753D112520D}.Release|Any CPU.Build.0 = Release|Any CPU
	EndGlobalSection
	GlobalSection(NestedProjects) = preSolution
		{205450E5-293D-474A-944B-64982DE36148} = {2F0A6B7C-BF09-43A9-B1AF-449142123FD3}
		{3334A6C3-9450-46C0-BD2B-DD2222976E63} = {205450E5-293D-474A-944B-64982DE36148}
		{9831B3FF-E609-454C-8B83-B115CD0D3E6E} = {3334A6C3-9450-46C0-BD2B-DD2222976E63}
		{19257579-E0C4-4CC5-AC03-C6C14AB11E90} = {3334A6C3-9450-46C0-BD2B-DD2222976E63}
		{3E0E68EA-9C29-453C-BDB4-C252A9318297} = {3334A6C3-9450-46C0-BD2B-DD2222976E63}
		{686C349C-2ADC-45E3-96E7-EC9934D47A1F} = {3334A6C3-9450-46C0-BD2B-DD2222976E63}
		{B096C957-1176-4A3E-BC2E-388990B66225} = {205450E5-293D-474A-944B-64982DE36148}
		{68B3D733-4350-46D6-B5DD-9775FE5487CF} = {B096C957-1176-4A3E-BC2E-388990B66225}
		{672EA29A-8D67-4E4D-B100-6DADDA0C5597} = {2F0A6B7C-BF09-43A9-B1AF-449142123FD3}
		{6890E1B3-EBC3-4A4B-9F57-77CE328D93D9} = {672EA29A-8D67-4E4D-B100-6DADDA0C5597}
		{85A6A1D5-104D-4CA4-B783-F6470EF94977} = {6890E1B3-EBC3-4A4B-9F57-77CE328D93D9}
		{9B3470A5-92E5-4D30-88D1-209090D79AA3} = {6890E1B3-EBC3-4A4B-9F57-77CE328D93D9}
		{1D237D19-969D-44FC-8F55-3031B08C5D32} = {6890E1B3-EBC3-4A4B-9F57-77CE328D93D9}
		{303D4B2E-9DC4-41F0-B61A-FC22A1B640F2} = {6890E1B3-EBC3-4A4B-9F57-77CE328D93D9}
		{689510DD-66D3-4662-8E96-5BFF0EE86051} = {672EA29A-8D67-4E4D-B100-6DADDA0C5597}
		{28EFB27F-340D-487B-95B6-DD462B4B41ED} = {689510DD-66D3-4662-8E96-5BFF0EE86051}
		{16BE81DE-573F-49FC-8E41-CA7AD5B7BB79} = {2F0A6B7C-BF09-43A9-B1AF-449142123FD3}
		{59823357-F0A9-4B86-AAF0-1E51246987AF} = {16BE81DE-573F-49FC-8E41-CA7AD5B7BB79}
		{7372604F-8AA8-4234-AEC9-843F98FF9218} = {59823357-F0A9-4B86-AAF0-1E51246987AF}
		{C9F9FA80-8F07-417E-86EF-0C916EDE572D} = {59823357-F0A9-4B86-AAF0-1E51246987AF}
		{157C86F6-E0B3-4038-B1D3-0CEB04C59EC0} = {59823357-F0A9-4B86-AAF0-1E51246987AF}
		{F2E9A84B-8A6A-4F1B-AC69-7186E1E33D6B} = {59823357-F0A9-4B86-AAF0-1E51246987AF}
		{593B71C6-4394-4131-A135-72655AB7D9EF} = {16BE81DE-573F-49FC-8E41-CA7AD5B7BB79}
		{81FCD7D0-C801-4DD9-BE2A-46F7AC03F0DD} = {593B71C6-4394-4131-A135-72655AB7D9EF}
		{CD36713B-DD3F-48DB-99B5-AA8AB9FA4E98} = {2F0A6B7C-BF09-43A9-B1AF-449142123FD3}
		{CE2F3F18-1EBB-4230-A571-CA2E332C6395} = {CD36713B-DD3F-48DB-99B5-AA8AB9FA4E98}
		{FD83DCE1-70EC-46AE-B2AF-9B1711DCCE32} = {CE2F3F18-1EBB-4230-A571-CA2E332C6395}
		{56937541-C7D8-4C66-9446-3C4C3B273A4A} = {CE2F3F18-1EBB-4230-A571-CA2E332C6395}
		{707CC23D-8A0D-4229-8FFE-FF11BB051DE2} = {CE2F3F18-1EBB-4230-A571-CA2E332C6395}
		{DB1E3B9F-7E14-4DBB-8E30-742526AA48A9} = {CE2F3F18-1EBB-4230-A571-CA2E332C6395}
		{748F7CAB-629C-4FB7-98EF-8E155F3DE979} = {CD36713B-DD3F-48DB-99B5-AA8AB9FA4E98}
		{363CF232-D0ED-4E72-8A47-F9C99F8A0D73} = {748F7CAB-629C-4FB7-98EF-8E155F3DE979}
		{69AF3BA1-04B1-4DAE-B2DB-A01DFB234C53} = {2F0A6B7C-BF09-43A9-B1AF-449142123FD3}
		{9A64E985-7C44-48E5-B456-11FB385F41D1} = {69AF3BA1-04B1-4DAE-B2DB-A01DFB234C53}
		{F23EECC4-773B-43C6-991B-71290D7FA97F} = {9A64E985-7C44-48E5-B456-11FB385F41D1}
		{EE9E1E76-F162-42BE-8E91-9248C17DEAE0} = {9A64E985-7C44-48E5-B456-11FB385F41D1}
		{5642D7B8-F9B0-4157-A9DF-F5FB8732760F} = {9A64E985-7C44-48E5-B456-11FB385F41D1}
		{51B232A0-36B0-4DC7-B3AA-F652DDF33432} = {9A64E985-7C44-48E5-B456-11FB385F41D1}
		{281B601E-2C2E-4EB4-AB7D-44A62B7BDFFE} = {69AF3BA1-04B1-4DAE-B2DB-A01DFB234C53}
		{285CF560-E584-40AF-A4D1-8A0EA9ED43BA} = {281B601E-2C2E-4EB4-AB7D-44A62B7BDFFE}
		{D2A8CC42-BF8C-4A89-AE5D-465EE7303FC8} = {2F0A6B7C-BF09-43A9-B1AF-449142123FD3}
		{80AD7A30-87A3-4AF1-988F-7C5A39C1F022} = {D2A8CC42-BF8C-4A89-AE5D-465EE7303FC8}
		{23203598-75CC-46CE-9D57-90AC5DF2394E} = {80AD7A30-87A3-4AF1-988F-7C5A39C1F022}
		{D3B6EABE-3EC7-4D73-A9EB-59F71CD9D69E} = {80AD7A30-87A3-4AF1-988F-7C5A39C1F022}
		{03F15E15-5ABF-4A15-B784-6970B8AB1BA8} = {80AD7A30-87A3-4AF1-988F-7C5A39C1F022}
		{35351C25-9D34-41C1-B9A8-7B41CFC2198A} = {80AD7A30-87A3-4AF1-988F-7C5A39C1F022}
		{9300017A-7949-48B9-B5BE-995BCF47C74B} = {D2A8CC42-BF8C-4A89-AE5D-465EE7303FC8}
		{5C365D93-3F1A-4812-9173-B753D112520D} = {9300017A-7949-48B9-B5BE-995BCF47C74B}
	EndGlobalSection
EndGlobal
